
Microsoft Visual Studio Solution File, Format Version 12.00
# Visual Studio Version 17
VisualStudioVersion = 17.5.002.0
MinimumVisualStudioVersion = 10.0.40219.1
Project("{9A19103F-16F7-4668-BE54-9A1E7A4F7556}") = "P2_2_Figuras", "P2_2_Figuras.csproj", "{8B9ED9F3-FDA8-4959-B2AE-54BD8C38E484}"
EndProject
Global
	GlobalSection(SolutionConfigurationPlatforms) = preSolution
		Debug|Any CPU = Debug|Any CPU
		Release|Any CPU = Release|Any CPU
	EndGlobalSection
	GlobalSection(ProjectConfigurationPlatforms) = postSolution
		{8B9ED9F3-FDA8-4959-B2AE-54BD8C38E484}.Debug|Any CPU.ActiveCfg = Debug|Any CPU
		{8B9ED9F3-FDA8-4959-B2AE-54BD8C38E484}.Debug|Any CPU.Build.0 = Debug|Any CPU
		{8B9ED9F3-FDA8-4959-B2AE-54BD8C38E484}.Release|Any CPU.ActiveCfg = Release|Any CPU
		{8B9ED9F3-FDA8-4959-B2AE-54BD8C38E484}.Release|Any CPU.Build.0 = Release|Any CPU
	EndGlobalSection
	GlobalSection(SolutionProperties) = preSolution
		HideSolutionNode = FALSE
	EndGlobalSection
	GlobalSection(ExtensibilityGlobals) = postSolution
		SolutionGuid = {2D7C3057-6266-4B75-9BA4-C627CEC7A7A8}
	EndGlobalSection
EndGlobal
